DEPENDENCIES
  ark (~> 4.0.0)
  build-essential (~> 8.2.1)
  database (~> 5.1.2)
  elasticsearch (~> 3.4.6)
  java (~> 2.2.0)
  logrotate (~> 1.9.2)
  mongodb3 (~> 5.3.0)
  mysql (~> 7.1.1)
  nginx (~> 8.1.5)
  nodejs (~> 5.0.0)
  poise-monit (~> 1.6.0)
  postgresql (~> 7.1.0)
  rbenv (~> 1.7.1)
  redisio (~> 2.7.1)
  sudo (~> 2.9.0)
  yarn (~> 0.4.1)

GRAPH
  apt (7.1.0)
  ark (4.0.0)
    build-essential (>= 0.0.0)
    seven_zip (>= 0.0.0)
  build-essential (8.2.1)
    mingw (>= 1.1)
    seven_zip (>= 0.0.0)
  chef-sugar (3.4.0)
  chef_handler (1.4.0)
  database (5.1.2)
    postgresql (>= 1.0.0)
  dmg (2.4.0)
  elasticsearch (3.4.6)
    apt (>= 0.0.0)
    ark (>= 0.0.0)
    chef-sugar (>= 0.0.0)
    yum (>= 0.0.0)
  git (4.6.0)
    build-essential (>= 0.0.0)
    dmg (>= 0.0.0)
    windows (>= 0.0.0)
    yum-epel (>= 0.0.0)
  homebrew (5.0.5)
  java (2.2.0)
    homebrew (>= 0.0.0)
    windows (>= 0.0.0)
  logrotate (1.9.2)
  mingw (2.1.0)
    seven_zip (>= 0.0.0)
  mongodb3 (5.3.0)
    apt (>= 0.0.0)
    runit (~> 1.7.0)
    user (>= 0.0.0)
    yum (>= 0.0.0)
  mysql (7.1.2)
    smf (>= 0.0.0)
    yum-mysql-community (>= 0.0.0)
  nginx (8.1.5)
    build-essential (>= 5.0)
    ohai (>= 4.1.0)
    yum-epel (>= 0.0.0)
    zypper (>= 0.0.0)
  nodejs (5.0.0)
    ark (>= 2.0.2)
    build-essential (>= 0.0.0)
  ohai (5.2.5)
  openssl (8.5.5)
  packagecloud (0.2.5)
  poise (2.8.2)
  poise-archive (1.5.0)
    poise (~> 2.6)
  poise-languages (2.1.2)
    poise (~> 2.5)
    poise-archive (~> 1.0)
  poise-monit (1.6.0)
    poise (~> 2.6)
    poise-languages (~> 2.0)
    poise-service (~> 1.1)
  poise-service (1.5.2)
    poise (~> 2.0)
  postgresql (7.1.0)
    build-essential (>= 2.0.0)
    openssl (>= 4.0)
  rbac (1.0.3)
  rbenv (1.7.1)
    apt (>= 0.0.0)
    build-essential (>= 0.0.0)
    git (>= 0.0.0)
    ohai (>= 1.1)
  redisio (2.7.1)
    build-essential (>= 0.0.0)
    selinux_policy (>= 0.0.0)
    ulimit (>= 0.1.2)
  runit (1.7.8)
    packagecloud (>= 0.0.0)
  selinux_policy (2.1.0)
  seven_zip (3.0.0)
    windows (>= 0.0.0)
  smf (2.2.8)
    rbac (>= 1.0.1)
  sudo (2.9.0)
  ulimit (1.0.0)
  user (0.4.2)
  windows (1.44.3)
    chef_handler (>= 0.0.0)
  yarn (0.4.1)
    apt (>= 0.0.0)
  yum (3.11.0)
  yum-epel (0.7.1)
    yum (>= 3.6.3)
  yum-mysql-community (0.3.0)
    yum (>= 3.2)
  zypper (0.4.0)
